
Microsoft Visual Studio Solution File, Format Version 12.00
# Visual Studio Version 17
VisualStudioVersion = 17.11.35312.102
MinimumVisualStudioVersion = 10.0.40219.1
Project("{8BC9CEB8-8B4A-11D0-8D11-00A0C91BC942}") = "hmw6-part1", "hmw6-part1.vcxproj", "{F1F134A2-F63C-45F7-A7AB-A0FA19144A4C}"
EndProject
Global
	GlobalSection(SolutionConfigurationPlatforms) = preSolution
		Debug|x64 = Debug|x64
		Debug|x86 = Debug|x86
		Release|x64 = Release|x64
		Release|x86 = Release|x86
	EndGlobalSection
	GlobalSection(ProjectConfigurationPlatforms) = postSolution
		{F1F134A2-F63C-45F7-A7AB-A0FA19144A4C}.Debug|x64.ActiveCfg = Debug|x64
		{F1F134A2-F63C-45F7-A7AB-A0FA19144A4C}.Debug|x64.Build.0 = Debug|x64
		{F1F134A2-F63C-45F7-A7AB-A0FA19144A4C}.Debug|x86.ActiveCfg = Debug|Win32
		{F1F134A2-F63C-45F7-A7AB-A0FA19144A4C}.Debug|x86.Build.0 = Debug|Win32
		{F1F134A2-F63C-45F7-A7AB-A0FA19144A4C}.Release|x64.ActiveCfg = Release|x64
		{F1F134A2-F63C-45F7-A7AB-A0FA19144A4C}.Release|x64.Build.0 = Release|x64
		{F1F134A2-F63C-45F7-A7AB-A0FA19144A4C}.Release|x86.ActiveCfg = Release|Win32
		{F1F134A2-F63C-45F7-A7AB-A0FA19144A4C}.Release|x86.Build.0 = Release|Win32
	EndGlobalSection
	GlobalSection(SolutionProperties) = preSolution
		HideSolutionNode = FALSE
	EndGlobalSection
	GlobalSection(ExtensibilityGlobals) = postSolution
		SolutionGuid = {4C1D3927-E031-4727-B861-9C228DE6144D}
	EndGlobalSection
EndGlobal
